// !$*UTF8*$!
{
	archiveVersion = 1;
	classes = {
	};
	objectVersion = 50;
	objects = {

/* Begin PBXBuildFile section */
		74DCF49E260A9DF100FBB53F /* AppDelegate.swift in Sources */ = {isa = PBXBuildFile; fileRef = 74DCF49D260A9DF100FBB53F /* AppDelegate.swift */; };
		74DCF4A0260A9DF100FBB53F /* SceneDelegate.swift in Sources */ = {isa = PBXBuildFile; fileRef = 74DCF49F260A9DF100FBB53F /* SceneDelegate.swift */; };
		74DCF4A2260A9DF100FBB53F /* ViewController.swift in Sources */ = {isa = PBXBuildFile; fileRef = 74DCF4A1260A9DF100FBB53F /* ViewController.swift */; };
		74DCF4A5260A9DF100FBB53F /* Main.storyboard in Resources */ = {isa = PBXBuildFile; fileRef = 74DCF4A3260A9DF100FBB53F /* Main.storyboard */; };
		74DCF4A7260A9DF200FBB53F /* Assets.xcassets in Resources */ = {isa = PBXBuildFile; fileRef = 74DCF4A6260A9DF200FBB53F /* Assets.xcassets */; };
		74DCF4AA260A9DF200FBB53F /* LaunchScreen.storyboard in Resources */ = {isa = PBXBuildFile; fileRef = 74DCF4A8260A9DF200FBB53F /* LaunchScreen.storyboard */; };
/* End PBXBuildFile section */

/* Begin PBXFileReference section */
		74DCF49A260A9DF100FBB53F /* ConstraintTestApp.app */ = {isa = PBXFileReference; explicitFileType = wrapper.application; includeInIndex = 0; path = ConstraintTestApp.app; sourceTree = BUILT_PRODUCTS_DIR; };
		74DCF49D260A9DF100FBB53F /* AppDelegate.swift */ = {isa = PBXFileReference; lastKnownFileType = sourcecode.swift; path = AppDelegate.swift; sourceTree = "<group>"; };
		74DCF49F260A9DF100FBB53F /* SceneDelegate.swift */ = {isa = PBXFileReference; lastKnownFileType = sourcecode.swift; path = SceneDelegate.swift; sourceTree = "<group>"; };
		74DCF4A1260A9DF100FBB53F /* ViewController.swift */ = {isa = PBXFileReference; lastKnownFileType = sourcecode.swift; path = ViewController.swift; sourceTree = "<group>"; };
		74DCF4A4260A9DF100FBB53F /* Base */ = {isa = PBXFileReference; lastKnownFileType = file.storyboard; name = Base; path = Base.lproj/Main.storyboard; sourceTree = "<group>"; };
		74DCF4A6260A9DF200FBB53F /* Assets.xcassets */ = {isa = PBXFileReference; lastKnownFileType = folder.assetcatalog; path = Assets.xcassets; sourceTree = "<group>"; };
		74DCF4A9260A9DF200FBB53F /* Base */ = {isa = PBXFileReference; lastKnownFileType = file.storyboard; name = Base; path = Base.lproj/LaunchScreen.storyboard; sourceTree = "<group>"; };
		74DCF4AB260A9DF200FBB53F /* Info.plist */ = {isa = PBXFileReference; lastKnownFileType = text.plist.xml; path = Info.plist; sourceTree = "<group>"; };
/* End PBXFileReference section */

/* Begin PBXFrameworksBuildPhase section */
		74DCF497260A9DF100FBB53F /* Frameworks */ = {
			isa = PBXFrameworksBuildPhase;
			buildActionMask = 2147483647;
			files = (
			);
			runOnlyForDeploymentPostprocessing = 0;
		};
/* End PBXFrameworksBuildPhase section */

/* Begin PBXGroup section */
		74DCF491260A9DF100FBB53F = {
			isa = PBXGroup;
			children = (
				74DCF49C260A9DF100FBB53F /* ConstraintTestApp */,
				74DCF49B260A9DF100FBB53F /* Products */,
			);
			sourceTree = "<group>";
		};
		74DCF49B260A9DF100FBB53F /* Products */ = {
			isa = PBXGroup;
			children = (
				74DCF49A260A9DF100FBB53F /* ConstraintTestApp.app */,
			);
			name = Products;
			sourceTree = "<group>";
		};
		74DCF49C260A9DF100FBB53F /* ConstraintTestApp */ = {
			isa = PBXGroup;
			children = (
				74DCF49D260A9DF100FBB53F /* AppDelegate.swift */,
				74DCF49F260A9DF100FBB53F /* SceneDelegate.swift */,
				74DCF4A1260A9DF100FBB53F /* ViewController.swift */,
				74DCF4A3260A9DF100FBB53F /* Main.storyboard */,
				74DCF4A6260A9DF200FBB53F /* Assets.xcassets */,
				74DCF4A8260A9DF200FBB53F /* LaunchScreen.storyboard */,
				74DCF4AB260A9DF200FBB53F /* Info.plist */,
			);
			path = ConstraintTestApp;
			sourceTree = "<group>";
		};
/* End PBXGroup section */

/* Begin PBXNativeTarget section */
		74DCF499260A9DF100FBB53F /* ConstraintTestApp */ = {
			isa = PBXNativeTarget;
			buildConfigurationList = 74DCF4AE260A9DF200FBB53F /* Build configuration list for PBXNativeTarget "ConstraintTestApp" */;
			buildPhases = (
				74DCF496260A9DF100FBB53F /* Sources */,
				74DCF497260A9DF100FBB53F /* Frameworks */,
				74DCF498260A9DF100FBB53F /* Resources */,
			);
			buildRules = (
			);
			dependencies = (
			);
			name = ConstraintTestApp;
			productName = ConstraintTestApp;
			productReference = 74DCF49A260A9DF100FBB53F /* ConstraintTestApp.app */;
			productType = "com.apple.product-type.application";
		};
/* End PBXNativeTarget section */

/* Begin PBXProject section */
		74DCF492260A9DF100FBB53F /* Project object */ = {
			isa = PBXProject;
			attributes = {
				LastSwiftUpdateCheck = 1240;
				LastUpgradeCheck = 1240;
				TargetAttributes = {
					74DCF499260A9DF100FBB53F = {
						CreatedOnToolsVersion = 12.4;
					};
				};
			};
			buildConfigurationList = 74DCF495260A9DF100FBB53F /* Build configuration list for PBXProject "ConstraintTestApp" */;
			compatibilityVersion = "Xcode 9.3";
			developmentRegion = en;
			hasScannedForEncodings = 0;
			knownRegions = (
				en,
				Base,
			);
			mainGroup = 74DCF491260A9DF100FBB53F;
			productRefGroup = 74DCF49B260A9DF100FBB53F /* Products */;
			projectDirPath = "";
			projectRoot = "";
			targets = (
				74DCF499260A9DF100FBB53F /* ConstraintTestApp */,
			);
		};
/* End PBXProject section */

/* Begin PBXResourcesBuildPhase section */
		74DCF498260A9DF100FBB53F /* Resources */ = {
			isa = PBXResourcesBuildPhase;
			buildActionMask = 2147483647;
			files = (
				74DCF4AA260A9DF200FBB53F /* LaunchScreen.storyboard in Resources */,
				74DCF4A7260A9DF200FBB53F /* Assets.xcassets in Resources */,
				74DCF4A5260A9DF100FBB53F /* Main.storyboard in Resources */,
			);
			runOnlyForDeploymentPostprocessing = 0;
		};
/* End PBXResourcesBuildPhase section */

/* Begin PBXSourcesBuildPhase section */
		74DCF496260A9DF100FBB53F /* Sources */ = {
			isa = PBXSourcesBuildPhase;
			buildActionMask = 2147483647;
			files = (
				74DCF4A2260A9DF100FBB53F /* ViewController.swift in Sources */,
				74DCF49E260A9DF100FBB53F /* AppDelegate.swift in Sources */,
				74DCF4A0260A9DF100FBB53F /* SceneDelegate.swift in Sources */,
			);
			runOnlyForDeploymentPostprocessing = 0;
		};
/* End PBXSourcesBuildPhase section */

/* Begin PBXVariantGroup section */
		74DCF4A3260A9DF100FBB53F /* Main.storyboard */ = {
			isa = PBXVariantGroup;
			children = (
				74DCF4A4260A9DF100FBB53F /* Base */,
			);
			name = Main.storyboard;
			sourceTree = "<group>";
		};
		74DCF4A8260A9DF200FBB53F /* LaunchScreen.storyboard */ = {
			isa = PBXVariantGroup;
			children = (
				74DCF4A9260A9DF200FBB53F /* Base */,
			);
			name = LaunchScreen.storyboard;
			sourceTree = "<group>";
		};
/* End PBXVariantGroup section */

/* Begin XCBuildConfiguration section */
		74DCF4AC260A9DF200FBB53F /* Debug */ = {
			isa = XCBuildConfiguration;
			buildSettings = {
				ALWAYS_SEARCH_USER_PATHS = NO;
				CLANG_ANALYZER_NONNULL = YES;
				CLANG_ANALYZER_NUMBER_OBJECT_CONVERSION = YES_AGGRESSIVE;
				CLANG_CXX_LANGUAGE_STANDARD = "gnu++14";
				CLANG_CXX_LIBRARY = "libc++";
				CLANG_ENABLE_MODULES = YES;
				CLANG_ENABLE_OBJC_ARC = YES;
				CLANG_ENABLE_OBJC_WEAK = YES;
				CLANG_WARN_BLOCK_CAPTURE_AUTORELEASING = YES;
				CLANG_WARN_BOOL_CONVERSION = YES;
				CLANG_WARN_COMMA = YES;
				CLANG_WARN_CONSTANT_CONVERSION = YES;
				CLANG_WARN_DEPRECATED_OBJC_IMPLEMENTATIONS = YES;
				CLANG_WARN_DIRECT_OBJC_ISA_USAGE = YES_ERROR;
				CLANG_WARN_DOCUMENTATION_COMMENTS = YES;
				CLANG_WARN_EMPTY_BODY = YES;
				CLANG_WARN_ENUM_CONVERSION = YES;
				CLANG_WARN_INFINITE_RECURSION = YES;
				CLANG_WARN_INT_CONVERSION = YES;
				CLANG_WARN_NON_LITERAL_NULL_CONVERSION = YES;
				CLANG_WARN_OBJC_IMPLICIT_RETAIN_SELF = YES;
				CLANG_WARN_OBJC_LITERAL_CONVERSION = YES;
				CLANG_WARN_OBJC_ROOT_CLASS = YES_ERROR;
				CLANG_WARN_QUOTED_INCLUDE_IN_FRAMEWORK_HEADER = YES;
				CLANG_WARN_RANGE_LOOP_ANALYSIS = YES;
				CLANG_WARN_STRICT_PROTOTYPES = YES;
				CLANG_WARN_SUSPICIOUS_MOVE = YES;
				CLANG_WARN_UNGUARDED_AVAILABILITY = YES_AGGRESSIVE;
				CLANG_WARN_UNREACHABLE_CODE = YES;
				CLANG_WARN__DUPLICATE_METHOD_MATCH = YES;
				COPY_PHASE_STRIP = NO;
				DEBUG_INFORMATION_FORMAT = dwarf;
				ENABLE_STRICT_OBJC_MSGSEND = YES;
				ENABLE_TESTABILITY = YES;
				GCC_C_LANGUAGE_STANDARD = gnu11;
				GCC_DYNAMIC_NO_PIC = NO;
				GCC_NO_COMMON_BLOCKS = YES;
				GCC_OPTIMIZATION_LEVEL = 0;
				GCC_PREPROCESSOR_DEFINITIONS = (
					"DEBUG=1",
					"$(inherited)",
				);
				GCC_WARN_64_TO_32_BIT_CONVERSION = YES;
				GCC_WARN_ABOUT_RETURN_TYPE = YES_ERROR;
				GCC_WARN_UNDECLARED_SELECTOR = YES;
				GCC_WARN_UNINITIALIZED_AUTOS = YES_AGGRESSIVE;
				GCC_WARN_UNUSED_FUNCTION = YES;
				GCC_WARN_UNUSED_VARIABLE = YES;
				IPHONEOS_DEPLOYMENT_TARGET = 14.4;
				MTL_ENABLE_DEBUG_INFO = INCLUDE_SOURCE;
				MTL_FAST_MATH = YES;
				ONLY_ACTIVE_ARCH = YES;
				SDKROOT = iphoneos;
				SWIFT_ACTIVE_COMPILATION_CONDITIONS = DEBUG;
				SWIFT_OPTIMIZATION_LEVEL = "-Onone";
			};
			name = Debug;
		};
		74DCF4AD260A9DF200FBB53F /* Release */ = {
			isa = XCBuildConfiguration;
			buildSettings = {
				ALWAYS_SEARCH_USER_PATHS = NO;
				CLANG_ANALYZER_NONNULL = YES;
				CLANG_ANALYZER_NUMBER_OBJECT_CONVERSION = YES_AGGRESSIVE;
				CLANG_CXX_LANGUAGE_STANDARD = "gnu++14";
				CLANG_CXX_LIBRARY = "libc++";
				CLANG_ENABLE_MODULES = YES;
				CLANG_ENABLE_OBJC_ARC = YES;
				CLANG_ENABLE_OBJC_WEAK = YES;
				CLANG_WARN_BLOCK_CAPTURE_AUTORELEASING = YES;
				CLANG_WARN_BOOL_CONVERSION = YES;
				CLANG_WARN_COMMA = YES;
				CLANG_WARN_CONSTANT_CONVERSION = YES;
				CLANG_WARN_DEPRECATED_OBJC_IMPLEMENTATIONS = YES;
				CLANG_WARN_DIRECT_OBJC_ISA_USAGE = YES_ERROR;
				CLANG_WARN_DOCUMENTATION_COMMENTS = YES;
				CLANG_WARN_EMPTY_BODY = YES;
				CLANG_WARN_ENUM_CONVERSION = YES;
				CLANG_WARN_INFINITE_RECURSION = YES;
				CLANG_WARN_INT_CONVERSION = YES;
				CLANG_WARN_NON_LITERAL_NULL_CONVERSION = YES;
				CLANG_WARN_OBJC_IMPLICIT_RETAIN_SELF = YES;
				CLANG_WARN_OBJC_LITERAL_CONVERSION = YES;
				CLANG_WARN_OBJC_ROOT_CLASS = YES_ERROR;
				CLANG_WARN_QUOTED_INCLUDE_IN_FRAMEWORK_HEADER = YES;
				CLANG_WARN_RANGE_LOOP_ANALYSIS = YES;
				CLANG_WARN_STRICT_PROTOTYPES = YES;
				CLANG_WARN_SUSPICIOUS_MOVE = YES;
				CLANG_WARN_UNGUARDED_AVAILABILITY = YES_AGGRESSIVE;
				CLANG_WARN_UNREACHABLE_CODE = YES;
				CLANG_WARN__DUPLICATE_METHOD_MATCH = YES;
				COPY_PHASE_STRIP = NO;
				DEBUG_INFORMATION_FORMAT = "dwarf-with-dsym";
				ENABLE_NS_ASSERTIONS = NO;
				ENABLE_STRICT_OBJC_MSGSEND = YES;
				GCC_C_LANGUAGE_STANDARD = gnu11;
				GCC_NO_COMMON_BLOCKS = YES;
				GCC_WARN_64_TO_32_BIT_CONVERSION = YES;
				GCC_WARN_ABOUT_RETURN_TYPE = YES_ERROR;
				GCC_WARN_UNDECLARED_SELECTOR = YES;
				GCC_WARN_UNINITIALIZED_AUTOS = YES_AGGRESSIVE;
				GCC_WARN_UNUSED_FUNCTION = YES;
				GCC_WARN_UNUSED_VARIABLE = YES;
				IPHONEOS_DEPLOYMENT_TARGET = 14.4;
				MTL_ENABLE_DEBUG_INFO = NO;
				MTL_FAST_MATH = YES;
				SDKROOT = iphoneos;
				SWIFT_COMPILATION_MODE = wholemodule;
				SWIFT_OPTIMIZATION_LEVEL = "-O";
				VALIDATE_PRODUCT = YES;
			};
			name = Release;
		};
		74DCF4AF260A9DF200FBB53F /* Debug */ = {
			isa = XCBuildConfiguration;
			buildSettings = {
				ASSETCATALOG_COMPILER_APPICON_NAME = AppIcon;
				ASSETCATALOG_COMPILER_GLOBAL_ACCENT_COLOR_NAME = AccentColor;
				CODE_SIGN_STYLE = Automatic;
				INFOPLIST_FILE = ConstraintTestApp/Info.plist;
				LD_RUNPATH_SEARCH_PATHS = (
					"$(inherited)",
					"@executable_path/Frameworks",
				);
				MARKETING_VERSION = 1.0.0;
				PRODUCT_BUNDLE_IDENTIFIER = com.MikhailMezentsev.ConstraintTestApp;
				PRODUCT_NAME = "$(TARGET_NAME)";
				SWIFT_VERSION = 5.0;
				TARGETED_DEVICE_FAMILY = 1;
			};
			name = Debug;
		};
		74DCF4B0260A9DF200FBB53F /* Release */ = {
			isa = XCBuildConfiguration;
			buildSettings = {
				ASSETCATALOG_COMPILER_APPICON_NAME = AppIcon;
				ASSETCATALOG_COMPILER_GLOBAL_ACCENT_COLOR_NAME = AccentColor;
				CODE_SIGN_STYLE = Automatic;
				INFOPLIST_FILE = ConstraintTestApp/Info.plist;
				LD_RUNPATH_SEARCH_PATHS = (
					"$(inherited)",
					"@executable_path/Frameworks",
				);
				MARKETING_VERSION = 1.0.0;
				PRODUCT_BUNDLE_IDENTIFIER = com.MikhailMezentsev.ConstraintTestApp;
				PRODUCT_NAME = "$(TARGET_NAME)";
				SWIFT_VERSION = 5.0;
				TARGETED_DEVICE_FAMILY = 1;
			};
			name = Release;
		};
/* End XCBuildConfiguration section */

/* Begin XCConfigurationList section */
		74DCF495260A9DF100FBB53F /* Build configuration list for PBXProject "ConstraintTestApp" */ = {
			isa = XCConfigurationList;
			buildConfigurations = (
				74DCF4AC260A9DF200FBB53F /* Debug */,
				74DCF4AD260A9DF200FBB53F /* Release */,
			);
			defaultConfigurationIsVisible = 0;
			defaultConfigurationName = Release;
		};
		74DCF4AE260A9DF200FBB53F /* Build configuration list for PBXNativeTarget "ConstraintTestApp" */ = {
			isa = XCConfigurationList;
			buildConfigurations = (
				74DCF4AF260A9DF200FBB53F /* Debug */,
				74DCF4B0260A9DF200FBB53F /* Release */,
			);
			defaultConfigurationIsVisible = 0;
			defaultConfigurationName = Release;
		};
/* End XCConfigurationList section */
	};
	rootObject = 74DCF492260A9DF100FBB53F /* Project object */;
}
